{
  "name": "my-chrome-extension",
  "version": "1.0.0",
  "lockfileVersion": 3,
  "requires": true,
  "packages": {
    "": {
      "name": "my-chrome-extension",
      "version": "1.0.0",
      "license": "ISC",
      "devDependencies": {
        "@playwright/test": "^1.46.0",
        "archiver": "^7.0.0"
      }
    },
    "node_modules/@playwright/test": {
      "version": "1.46.0",
      "resolved": "https://registry.npmjs.org/@playwright/test/-/test-1.46.0.tgz",
      "integrity": "sha512-+E6Xn/9H3eOc8xvnKuSv6ya+XW9KzTzS8wbMS2Tfa0rWWOC8u2kO+U79vAfu2GphckATgk8wjxBtkmYf2MQyVA==",
      "dev": true
    },
    "node_modules/archiver": {
      "version": "7.0.0",
      "resolved": "https://registry.npmjs.org/archiver/-/archiver-7.0.0.tgz",
      "integrity": "sha512-lVUP7sW1AQ2vE7E5lDlGHZVfAzCVYI6CPv+JwZDCXXJcSkgO7yUg5RSXwZK2BR+jP+X1UKwGGKfwPquPTr9srA==",
      "dev": true
    }
  },
  "dependencies": {
    "@playwright/test": {
      "version": "1.46.0",
      "resolved": "https://registry.npmjs.org/@playwright/test/-/test-1.46.0.tgz",
      "integrity": "sha512-+E6Xn/9H3eOc8xvnKuSv6ya+XW9KzTzS8wbMS2Tfa0rWWOC8u2kO+U79vAfu2GphckATgk8wjxBtkmYf2MQyVA==",
      "dev": true
    },
    "archiver": {
      "version": "7.0.0",
      "resolved": "https://registry.npmjs.org/archiver/-/archiver-7.0.0.tgz",
      "integrity": "sha512-lVUP7sW1AQ2vE7E5lDlGHZVfAzCVYI6CPv+JwZDCXXJcSkgO7yUg5RSXwZK2BR+jP+X1UKwGGKfwPquPTr9srA==",
      "dev": true
    }
  }
}